// !$*UTF8*$!
{
	archiveVersion = 1;
	classes = {
	};
	objectVersion = 50;
	objects = {

/* Begin PBXBuildFile section */
		0A8B13D821C9F1E8002FDA8D /* AppDelegate.swift in Sources */ = {isa = PBXBuildFile; fileRef = 0A8B13D721C9F1E8002FDA8D /* AppDelegate.swift */; };
		0A8B13DA21C9F1E8002FDA8D /* ViewController.swift in Sources */ = {isa = PBXBuildFile; fileRef = 0A8B13D921C9F1E8002FDA8D /* ViewController.swift */; };
		0A8B13DD21C9F1E8002FDA8D /* Main.storyboard in Resources */ = {isa = PBXBuildFile; fileRef = 0A8B13DB21C9F1E8002FDA8D /* Main.storyboard */; };
		0A8B13DF21C9F1EB002FDA8D /* Assets.xcassets in Resources */ = {isa = PBXBuildFile; fileRef = 0A8B13DE21C9F1EB002FDA8D /* Assets.xcassets */; };
		0A8B13E221C9F1EB002FDA8D /* LaunchScreen.storyboard in Resources */ = {isa = PBXBuildFile; fileRef = 0A8B13E021C9F1EB002FDA8D /* LaunchScreen.storyboard */; };
		0A8B13ED21C9F1EB002FDA8D /* NasaImagesTests.swift in Sources */ = {isa = PBXBuildFile; fileRef = 0A8B13EC21C9F1EB002FDA8D /* NasaImagesTests.swift */; };
		0A8B13F821C9F1EB002FDA8D /* NasaImagesUITests.swift in Sources */ = {isa = PBXBuildFile; fileRef = 0A8B13F721C9F1EB002FDA8D /* NasaImagesUITests.swift */; };
		0A8B140721C9F21D002FDA8D /* ImageDetails.swift in Sources */ = {isa = PBXBuildFile; fileRef = 0A8B140621C9F21D002FDA8D /* ImageDetails.swift */; };
		411ED8A1F97C660A0D5A9E1F /* libPods-NasaImages.a in Frameworks */ = {isa = PBXBuildFile; fileRef = 4912DBFBE74AEBA74ACD0EB8 /* libPods-NasaImages.a */; };
/* End PBXBuildFile section */

/* Begin PBXContainerItemProxy section */
		0A8B13E921C9F1EB002FDA8D /* PBXContainerItemProxy */ = {
			isa = PBXContainerItemProxy;
			containerPortal = 0A8B13CC21C9F1E8002FDA8D /* Project object */;
			proxyType = 1;
			remoteGlobalIDString = 0A8B13D321C9F1E8002FDA8D;
			remoteInfo = NasaImages;
		};
		0A8B13F421C9F1EB002FDA8D /* PBXContainerItemProxy */ = {
			isa = PBXContainerItemProxy;
			containerPortal = 0A8B13CC21C9F1E8002FDA8D /* Project object */;
			proxyType = 1;
			remoteGlobalIDString = 0A8B13D321C9F1E8002FDA8D;
			remoteInfo = NasaImages;
		};
/* End PBXContainerItemProxy section */

/* Begin PBXFileReference section */
		0A8B13D421C9F1E8002FDA8D /* NasaImages.app */ = {isa = PBXFileReference; explicitFileType = wrapper.application; includeInIndex = 0; path = NasaImages.app; sourceTree = BUILT_PRODUCTS_DIR; };
		0A8B13D721C9F1E8002FDA8D /* AppDelegate.swift */ = {isa = PBXFileReference; lastKnownFileType = sourcecode.swift; path = AppDelegate.swift; sourceTree = "<group>"; };
		0A8B13D921C9F1E8002FDA8D /* ViewController.swift */ = {isa = PBXFileReference; lastKnownFileType = sourcecode.swift; path = ViewController.swift; sourceTree = "<group>"; };
		0A8B13DC21C9F1E8002FDA8D /* Base */ = {isa = PBXFileReference; lastKnownFileType = file.storyboard; name = Base; path = Base.lproj/Main.storyboard; sourceTree = "<group>"; };
		0A8B13DE21C9F1EB002FDA8D /* Assets.xcassets */ = {isa = PBXFileReference; lastKnownFileType = folder.assetcatalog; path = Assets.xcassets; sourceTree = "<group>"; };
		0A8B13E121C9F1EB002FDA8D /* Base */ = {isa = PBXFileReference; lastKnownFileType = file.storyboard; name = Base; path = Base.lproj/LaunchScreen.storyboard; sourceTree = "<group>"; };
		0A8B13E321C9F1EB002FDA8D /* Info.plist */ = {isa = PBXFileReference; lastKnownFileType = text.plist.xml; path = Info.plist; sourceTree = "<group>"; };
		0A8B13E821C9F1EB002FDA8D /* NasaImagesTests.xctest */ = {isa = PBXFileReference; explicitFileType = wrapper.cfbundle; includeInIndex = 0; path = NasaImagesTests.xctest; sourceTree = BUILT_PRODUCTS_DIR; };
		0A8B13EC21C9F1EB002FDA8D /* NasaImagesTests.swift */ = {isa = PBXFileReference; lastKnownFileType = sourcecode.swift; path = NasaImagesTests.swift; sourceTree = "<group>"; };
		0A8B13EE21C9F1EB002FDA8D /* Info.plist */ = {isa = PBXFileReference; lastKnownFileType = text.plist.xml; path = Info.plist; sourceTree = "<group>"; };
		0A8B13F321C9F1EB002FDA8D /* NasaImagesUITests.xctest */ = {isa = PBXFileReference; explicitFileType = wrapper.cfbundle; includeInIndex = 0; path = NasaImagesUITests.xctest; sourceTree = BUILT_PRODUCTS_DIR; };
		0A8B13F721C9F1EB002FDA8D /* NasaImagesUITests.swift */ = {isa = PBXFileReference; lastKnownFileType = sourcecode.swift; path = NasaImagesUITests.swift; sourceTree = "<group>"; };
		0A8B13F921C9F1EB002FDA8D /* Info.plist */ = {isa = PBXFileReference; lastKnownFileType = text.plist.xml; path = Info.plist; sourceTree = "<group>"; };
		0A8B140621C9F21D002FDA8D /* ImageDetails.swift */ = {isa = PBXFileReference; lastKnownFileType = sourcecode.swift; path = ImageDetails.swift; sourceTree = "<group>"; };
		4912DBFBE74AEBA74ACD0EB8 /* libPods-NasaImages.a */ = {isa = PBXFileReference; explicitFileType = archive.ar; includeInIndex = 0; path = "libPods-NasaImages.a"; sourceTree = BUILT_PRODUCTS_DIR; };
		C9B4CC77A7A3A91C61ECC230 /* Pods-NasaImages.release.xcconfig */ = {isa = PBXFileReference; includeInIndex = 1; lastKnownFileType = text.xcconfig; name = "Pods-NasaImages.release.xcconfig"; path = "Pods/Target Support Files/Pods-NasaImages/Pods-NasaImages.release.xcconfig"; sourceTree = "<group>"; };
		F8C06D2E110B06F156B90397 /* Pods-NasaImages.debug.xcconfig */ = {isa = PBXFileReference; includeInIndex = 1; lastKnownFileType = text.xcconfig; name = "Pods-NasaImages.debug.xcconfig"; path = "Pods/Target Support Files/Pods-NasaImages/Pods-NasaImages.debug.xcconfig"; sourceTree = "<group>"; };
/* End PBXFileReference section */

/* Begin PBXFrameworksBuildPhase section */
		0A8B13D121C9F1E8002FDA8D /* Frameworks */ = {
			isa = PBXFrameworksBuildPhase;
			buildActionMask = 2147483647;
			files = (
				411ED8A1F97C660A0D5A9E1F /* libPods-NasaImages.a in Frameworks */,
			);
			runOnlyForDeploymentPostprocessing = 0;
		};
		0A8B13E521C9F1EB002FDA8D /* Frameworks */ = {
			isa = PBXFrameworksBuildPhase;
			buildActionMask = 2147483647;
			files = (
			);
			runOnlyForDeploymentPostprocessing = 0;
		};
		0A8B13F021C9F1EB002FDA8D /* Frameworks */ = {
			isa = PBXFrameworksBuildPhase;
			buildActionMask = 2147483647;
			files = (
			);
			runOnlyForDeploymentPostprocessing = 0;
		};
/* End PBXFrameworksBuildPhase section */

/* Begin PBXGroup section */
		0A8B13CB21C9F1E8002FDA8D = {
			isa = PBXGroup;
			children = (
				0A8B13D621C9F1E8002FDA8D /* NasaImages */,
				0A8B13EB21C9F1EB002FDA8D /* NasaImagesTests */,
				0A8B13F621C9F1EB002FDA8D /* NasaImagesUITests */,
				0A8B13D521C9F1E8002FDA8D /* Products */,
				423FE5E4BC77C94C44EAB377 /* Pods */,
				7742CB04413AED27DDDFF431 /* Frameworks */,
			);
			sourceTree = "<group>";
		};
		0A8B13D521C9F1E8002FDA8D /* Products */ = {
			isa = PBXGroup;
			children = (
				0A8B13D421C9F1E8002FDA8D /* NasaImages.app */,
				0A8B13E821C9F1EB002FDA8D /* NasaImagesTests.xctest */,
				0A8B13F321C9F1EB002FDA8D /* NasaImagesUITests.xctest */,
			);
			name = Products;
			sourceTree = "<group>";
		};
		0A8B13D621C9F1E8002FDA8D /* NasaImages */ = {
			isa = PBXGroup;
			children = (
				0A8B140B21CB3E27002FDA8D /* Business */,
				0A8B140821CB2F2D002FDA8D /* Infrastructure */,
				0A8B140521C9F1FD002FDA8D /* Models */,
				0A8B13D721C9F1E8002FDA8D /* AppDelegate.swift */,
				0A8B13D921C9F1E8002FDA8D /* ViewController.swift */,
				0A8B13DB21C9F1E8002FDA8D /* Main.storyboard */,
				0A8B13DE21C9F1EB002FDA8D /* Assets.xcassets */,
				0A8B13E021C9F1EB002FDA8D /* LaunchScreen.storyboard */,
				0A8B13E321C9F1EB002FDA8D /* Info.plist */,
			);
			path = NasaImages;
			sourceTree = "<group>";
		};
		0A8B13EB21C9F1EB002FDA8D /* NasaImagesTests */ = {
			isa = PBXGroup;
			children = (
				0A8B13EC21C9F1EB002FDA8D /* NasaImagesTests.swift */,
				0A8B13EE21C9F1EB002FDA8D /* Info.plist */,
			);
			path = NasaImagesTests;
			sourceTree = "<group>";
		};
		0A8B13F621C9F1EB002FDA8D /* NasaImagesUITests */ = {
			isa = PBXGroup;
			children = (
				0A8B13F721C9F1EB002FDA8D /* NasaImagesUITests.swift */,
				0A8B13F921C9F1EB002FDA8D /* Info.plist */,
			);
			path = NasaImagesUITests;
			sourceTree = "<group>";
		};
		0A8B140521C9F1FD002FDA8D /* Models */ = {
			isa = PBXGroup;
			children = (
				0A8B140621C9F21D002FDA8D /* ImageDetails.swift */,
			);
			path = Models;
			sourceTree = "<group>";
		};
		0A8B140821CB2F2D002FDA8D /* Infrastructure */ = {
			isa = PBXGroup;
			children = (
			);
			path = Infrastructure;
			sourceTree = "<group>";
		};
		0A8B140B21CB3E27002FDA8D /* Business */ = {
			isa = PBXGroup;
			children = (
			);
			path = Business;
			sourceTree = "<group>";
		};
		423FE5E4BC77C94C44EAB377 /* Pods */ = {
			isa = PBXGroup;
			children = (
				F8C06D2E110B06F156B90397 /* Pods-NasaImages.debug.xcconfig */,
				C9B4CC77A7A3A91C61ECC230 /* Pods-NasaImages.release.xcconfig */,
			);
			name = Pods;
			sourceTree = "<group>";
		};
		7742CB04413AED27DDDFF431 /* Frameworks */ = {
			isa = PBXGroup;
			children = (
				4912DBFBE74AEBA74ACD0EB8 /* libPods-NasaImages.a */,
			);
			name = Frameworks;
			sourceTree = "<group>";
		};
/* End PBXGroup section */

/* Begin PBXNativeTarget section */
		0A8B13D321C9F1E8002FDA8D /* NasaImages */ = {
			isa = PBXNativeTarget;
			buildConfigurationList = 0A8B13FC21C9F1EB002FDA8D /* Build configuration list for PBXNativeTarget "NasaImages" */;
			buildPhases = (
				96D93456387F767EBDCFC2A4 /* [CP] Check Pods Manifest.lock */,
				0A8B13D021C9F1E8002FDA8D /* Sources */,
				0A8B13D121C9F1E8002FDA8D /* Frameworks */,
				0A8B13D221C9F1E8002FDA8D /* Resources */,
			);
			buildRules = (
			);
			dependencies = (
			);
			name = NasaImages;
			productName = NasaImages;
			productReference = 0A8B13D421C9F1E8002FDA8D /* NasaImages.app */;
			productType = "com.apple.product-type.application";
		};
		0A8B13E721C9F1EB002FDA8D /* NasaImagesTests */ = {
			isa = PBXNativeTarget;
			buildConfigurationList = 0A8B13FF21C9F1EB002FDA8D /* Build configuration list for PBXNativeTarget "NasaImagesTests" */;
			buildPhases = (
				0A8B13E421C9F1EB002FDA8D /* Sources */,
				0A8B13E521C9F1EB002FDA8D /* Frameworks */,
				0A8B13E621C9F1EB002FDA8D /* Resources */,
			);
			buildRules = (
			);
			dependencies = (
				0A8B13EA21C9F1EB002FDA8D /* PBXTargetDependency */,
			);
			name = NasaImagesTests;
			productName = NasaImagesTests;
			productReference = 0A8B13E821C9F1EB002FDA8D /* NasaImagesTests.xctest */;
			productType = "com.apple.product-type.bundle.unit-test";
		};
		0A8B13F221C9F1EB002FDA8D /* NasaImagesUITests */ = {
			isa = PBXNativeTarget;
			buildConfigurationList = 0A8B140221C9F1EB002FDA8D /* Build configuration list for PBXNativeTarget "NasaImagesUITests" */;
			buildPhases = (
				0A8B13EF21C9F1EB002FDA8D /* Sources */,
				0A8B13F021C9F1EB002FDA8D /* Frameworks */,
				0A8B13F121C9F1EB002FDA8D /* Resources */,
			);
			buildRules = (
			);
			dependencies = (
				0A8B13F521C9F1EB002FDA8D /* PBXTargetDependency */,
			);
			name = NasaImagesUITests;
			productName = NasaImagesUITests;
			productReference = 0A8B13F321C9F1EB002FDA8D /* NasaImagesUITests.xctest */;
			productType = "com.apple.product-type.bundle.ui-testing";
		};
/* End PBXNativeTarget section */

/* Begin PBXProject section */
		0A8B13CC21C9F1E8002FDA8D /* Project object */ = {
			isa = PBXProject;
			attributes = {
				LastSwiftUpdateCheck = 1010;
				LastUpgradeCheck = 1010;
				ORGANIZATIONNAME = "Ricardo Yamaguchi";
				TargetAttributes = {
					0A8B13D321C9F1E8002FDA8D = {
						CreatedOnToolsVersion = 10.1;
					};
					0A8B13E721C9F1EB002FDA8D = {
						CreatedOnToolsVersion = 10.1;
						TestTargetID = 0A8B13D321C9F1E8002FDA8D;
					};
					0A8B13F221C9F1EB002FDA8D = {
						CreatedOnToolsVersion = 10.1;
						TestTargetID = 0A8B13D321C9F1E8002FDA8D;
					};
				};
			};
			buildConfigurationList = 0A8B13CF21C9F1E8002FDA8D /* Build configuration list for PBXProject "NasaImages" */;
			compatibilityVersion = "Xcode 9.3";
			developmentRegion = en;
			hasScannedForEncodings = 0;
			knownRegions = (
				en,
				Base,
			);
			mainGroup = 0A8B13CB21C9F1E8002FDA8D;
			productRefGroup = 0A8B13D521C9F1E8002FDA8D /* Products */;
			projectDirPath = "";
			projectRoot = "";
			targets = (
				0A8B13D321C9F1E8002FDA8D /* NasaImages */,
				0A8B13E721C9F1EB002FDA8D /* NasaImagesTests */,
				0A8B13F221C9F1EB002FDA8D /* NasaImagesUITests */,
			);
		};
/* End PBXProject section */

/* Begin PBXResourcesBuildPhase section */
		0A8B13D221C9F1E8002FDA8D /* Resources */ = {
			isa = PBXResourcesBuildPhase;
			buildActionMask = 2147483647;
			files = (
				0A8B13E221C9F1EB002FDA8D /* LaunchScreen.storyboard in Resources */,
				0A8B13DF21C9F1EB002FDA8D /* Assets.xcassets in Resources */,
				0A8B13DD21C9F1E8002FDA8D /* Main.storyboard in Resources */,
			);
			runOnlyForDeploymentPostprocessing = 0;
		};
		0A8B13E621C9F1EB002FDA8D /* Resources */ = {
			isa = PBXResourcesBuildPhase;
			buildActionMask = 2147483647;
			files = (
			);
			runOnlyForDeploymentPostprocessing = 0;
		};
		0A8B13F121C9F1EB002FDA8D /* Resources */ = {
			isa = PBXResourcesBuildPhase;
			buildActionMask = 2147483647;
			files = (
			);
			runOnlyForDeploymentPostprocessing = 0;
		};
/* End PBXResourcesBuildPhase section */

/* Begin PBXShellScriptBuildPhase section */
		96D93456387F767EBDCFC2A4 /* [CP] Check Pods Manifest.lock */ = {
			isa = PBXShellScriptBuildPhase;
			buildActionMask = 2147483647;
			files = (
			);
			inputFileListPaths = (
			);
			inputPaths = (
				"${PODS_PODFILE_DIR_PATH}/Podfile.lock",
				"${PODS_ROOT}/Manifest.lock",
			);
			name = "[CP] Check Pods Manifest.lock";
			outputFileListPaths = (
			);
			outputPaths = (
				"$(DERIVED_FILE_DIR)/Pods-NasaImages-checkManifestLockResult.txt",
			);
			runOnlyForDeploymentPostprocessing = 0;
			shellPath = /bin/sh;
			shellScript = "diff \"${PODS_PODFILE_DIR_PATH}/Podfile.lock\" \"${PODS_ROOT}/Manifest.lock\" > /dev/null\nif [ $? != 0 ] ; then\n    # print error to STDERR\n    echo \"error: The sandbox is not in sync with the Podfile.lock. Run 'pod install' or update your CocoaPods installation.\" >&2\n    exit 1\nfi\n# This output is used by Xcode 'outputs' to avoid re-running this script phase.\necho \"SUCCESS\" > \"${SCRIPT_OUTPUT_FILE_0}\"\n";
			showEnvVarsInLog = 0;
		};
/* End PBXShellScriptBuildPhase section */

/* Begin PBXSourcesBuildPhase section */
		0A8B13D021C9F1E8002FDA8D /* Sources */ = {
			isa = PBXSourcesBuildPhase;
			buildActionMask = 2147483647;
			files = (
				0A8B13DA21C9F1E8002FDA8D /* ViewController.swift in Sources */,
				0A8B140721C9F21D002FDA8D /* ImageDetails.swift in Sources */,
				0A8B13D821C9F1E8002FDA8D /* AppDelegate.swift in Sources */,
			);
			runOnlyForDeploymentPostprocessing = 0;
		};
		0A8B13E421C9F1EB002FDA8D /* Sources */ = {
			isa = PBXSourcesBuildPhase;
			buildActionMask = 2147483647;
			files = (
				0A8B13ED21C9F1EB002FDA8D /* NasaImagesTests.swift in Sources */,
			);
			runOnlyForDeploymentPostprocessing = 0;
		};
		0A8B13EF21C9F1EB002FDA8D /* Sources */ = {
			isa = PBXSourcesBuildPhase;
			buildActionMask = 2147483647;
			files = (
				0A8B13F821C9F1EB002FDA8D /* NasaImagesUITests.swift in Sources */,
			);
			runOnlyForDeploymentPostprocessing = 0;
		};
/* End PBXSourcesBuildPhase section */

/* Begin PBXTargetDependency section */
		0A8B13EA21C9F1EB002FDA8D /* PBXTargetDependency */ = {
			isa = PBXTargetDependency;
			target = 0A8B13D321C9F1E8002FDA8D /* NasaImages */;
			targetProxy = 0A8B13E921C9F1EB002FDA8D /* PBXContainerItemProxy */;
		};
		0A8B13F521C9F1EB002FDA8D /* PBXTargetDependency */ = {
			isa = PBXTargetDependency;
			target = 0A8B13D321C9F1E8002FDA8D /* NasaImages */;
			targetProxy = 0A8B13F421C9F1EB002FDA8D /* PBXContainerItemProxy */;
		};
/* End PBXTargetDependency section */

/* Begin PBXVariantGroup section */
		0A8B13DB21C9F1E8002FDA8D /* Main.storyboard */ = {
			isa = PBXVariantGroup;
			children = (
				0A8B13DC21C9F1E8002FDA8D /* Base */,
			);
			name = Main.storyboard;
			sourceTree = "<group>";
		};
		0A8B13E021C9F1EB002FDA8D /* LaunchScreen.storyboard */ = {
			isa = PBXVariantGroup;
			children = (
				0A8B13E121C9F1EB002FDA8D /* Base */,
			);
			name = LaunchScreen.storyboard;
			sourceTree = "<group>";
		};
/* End PBXVariantGroup section */

/* Begin XCBuildConfiguration section */
		0A8B13FA21C9F1EB002FDA8D /* Debug */ = {
			isa = XCBuildConfiguration;
			buildSettings = {
				ALWAYS_SEARCH_USER_PATHS = NO;
				CLANG_ANALYZER_NONNULL = YES;
				CLANG_ANALYZER_NUMBER_OBJECT_CONVERSION = YES_AGGRESSIVE;
				CLANG_CXX_LANGUAGE_STANDARD = "gnu++14";
				CLANG_CXX_LIBRARY = "libc++";
				CLANG_ENABLE_MODULES = YES;
				CLANG_ENABLE_OBJC_ARC = YES;
				CLANG_ENABLE_OBJC_WEAK = YES;
				CLANG_WARN_BLOCK_CAPTURE_AUTORELEASING = YES;
				CLANG_WARN_BOOL_CONVERSION = YES;
				CLANG_WARN_COMMA = YES;
				CLANG_WARN_CONSTANT_CONVERSION = YES;
				CLANG_WARN_DEPRECATED_OBJC_IMPLEMENTATIONS = YES;
				CLANG_WARN_DIRECT_OBJC_ISA_USAGE = YES_ERROR;
				CLANG_WARN_DOCUMENTATION_COMMENTS = YES;
				CLANG_WARN_EMPTY_BODY = YES;
				CLANG_WARN_ENUM_CONVERSION = YES;
				CLANG_WARN_INFINITE_RECURSION = YES;
				CLANG_WARN_INT_CONVERSION = YES;
				CLANG_WARN_NON_LITERAL_NULL_CONVERSION = YES;
				CLANG_WARN_OBJC_IMPLICIT_RETAIN_SELF = YES;
				CLANG_WARN_OBJC_LITERAL_CONVERSION = YES;
				CLANG_WARN_OBJC_ROOT_CLASS = YES_ERROR;
				CLANG_WARN_RANGE_LOOP_ANALYSIS = YES;
				CLANG_WARN_STRICT_PROTOTYPES = YES;
				CLANG_WARN_SUSPICIOUS_MOVE = YES;
				CLANG_WARN_UNGUARDED_AVAILABILITY = YES_AGGRESSIVE;
				CLANG_WARN_UNREACHABLE_CODE = YES;
				CLANG_WARN__DUPLICATE_METHOD_MATCH = YES;
				CODE_SIGN_IDENTITY = "iPhone Developer";
				COPY_PHASE_STRIP = NO;
				DEBUG_INFORMATION_FORMAT = dwarf;
				ENABLE_STRICT_OBJC_MSGSEND = YES;
				ENABLE_TESTABILITY = YES;
				GCC_C_LANGUAGE_STANDARD = gnu11;
				GCC_DYNAMIC_NO_PIC = NO;
				GCC_NO_COMMON_BLOCKS = YES;
				GCC_OPTIMIZATION_LEVEL = 0;
				GCC_PREPROCESSOR_DEFINITIONS = (
					"DEBUG=1",
					"$(inherited)",
				);
				GCC_WARN_64_TO_32_BIT_CONVERSION = YES;
				GCC_WARN_ABOUT_RETURN_TYPE = YES_ERROR;
				GCC_WARN_UNDECLARED_SELECTOR = YES;
				GCC_WARN_UNINITIALIZED_AUTOS = YES_AGGRESSIVE;
				GCC_WARN_UNUSED_FUNCTION = YES;
				GCC_WARN_UNUSED_VARIABLE = YES;
				IPHONEOS_DEPLOYMENT_TARGET = 12.1;
				MTL_ENABLE_DEBUG_INFO = INCLUDE_SOURCE;
				MTL_FAST_MATH = YES;
				ONLY_ACTIVE_ARCH = YES;
				SDKROOT = iphoneos;
				SWIFT_ACTIVE_COMPILATION_CONDITIONS = DEBUG;
				SWIFT_OPTIMIZATION_LEVEL = "-Onone";
			};
			name = Debug;
		};
		0A8B13FB21C9F1EB002FDA8D /* Release */ = {
			isa = XCBuildConfiguration;
			buildSettings = {
				ALWAYS_SEARCH_USER_PATHS = NO;
				CLANG_ANALYZER_NONNULL = YES;
				CLANG_ANALYZER_NUMBER_OBJECT_CONVERSION = YES_AGGRESSIVE;
				CLANG_CXX_LANGUAGE_STANDARD = "gnu++14";
				CLANG_CXX_LIBRARY = "libc++";
				CLANG_ENABLE_MODULES = YES;
				CLANG_ENABLE_OBJC_ARC = YES;
				CLANG_ENABLE_OBJC_WEAK = YES;
				CLANG_WARN_BLOCK_CAPTURE_AUTORELEASING = YES;
				CLANG_WARN_BOOL_CONVERSION = YES;
				CLANG_WARN_COMMA = YES;
				CLANG_WARN_CONSTANT_CONVERSION = YES;
				CLANG_WARN_DEPRECATED_OBJC_IMPLEMENTATIONS = YES;
				CLANG_WARN_DIRECT_OBJC_ISA_USAGE = YES_ERROR;
				CLANG_WARN_DOCUMENTATION_COMMENTS = YES;
				CLANG_WARN_EMPTY_BODY = YES;
				CLANG_WARN_ENUM_CONVERSION = YES;
				CLANG_WARN_INFINITE_RECURSION = YES;
				CLANG_WARN_INT_CONVERSION = YES;
				CLANG_WARN_NON_LITERAL_NULL_CONVERSION = YES;
				CLANG_WARN_OBJC_IMPLICIT_RETAIN_SELF = YES;
				CLANG_WARN_OBJC_LITERAL_CONVERSION = YES;
				CLANG_WARN_OBJC_ROOT_CLASS = YES_ERROR;
				CLANG_WARN_RANGE_LOOP_ANALYSIS = YES;
				CLANG_WARN_STRICT_PROTOTYPES = YES;
				CLANG_WARN_SUSPICIOUS_MOVE = YES;
				CLANG_WARN_UNGUARDED_AVAILABILITY = YES_AGGRESSIVE;
				CLANG_WARN_UNREACHABLE_CODE = YES;
				CLANG_WARN__DUPLICATE_METHOD_MATCH = YES;
				CODE_SIGN_IDENTITY = "iPhone Developer";
				COPY_PHASE_STRIP = NO;
				DEBUG_INFORMATION_FORMAT = "dwarf-with-dsym";
				ENABLE_NS_ASSERTIONS = NO;
				ENABLE_STRICT_OBJC_MSGSEND = YES;
				GCC_C_LANGUAGE_STANDARD = gnu11;
				GCC_NO_COMMON_BLOCKS = YES;
				GCC_WARN_64_TO_32_BIT_CONVERSION = YES;
				GCC_WARN_ABOUT_RETURN_TYPE = YES_ERROR;
				GCC_WARN_UNDECLARED_SELECTOR = YES;
				GCC_WARN_UNINITIALIZED_AUTOS = YES_AGGRESSIVE;
				GCC_WARN_UNUSED_FUNCTION = YES;
				GCC_WARN_UNUSED_VARIABLE = YES;
				IPHONEOS_DEPLOYMENT_TARGET = 12.1;
				MTL_ENABLE_DEBUG_INFO = NO;
				MTL_FAST_MATH = YES;
				SDKROOT = iphoneos;
				SWIFT_COMPILATION_MODE = wholemodule;
				SWIFT_OPTIMIZATION_LEVEL = "-O";
				VALIDATE_PRODUCT = YES;
			};
			name = Release;
		};
		0A8B13FD21C9F1EB002FDA8D /* Debug */ = {
			isa = XCBuildConfiguration;
			baseConfigurationReference = F8C06D2E110B06F156B90397 /* Pods-NasaImages.debug.xcconfig */;
			buildSettings = {
				ASSETCATALOG_COMPILER_APPICON_NAME = AppIcon;
				CODE_SIGN_STYLE = Automatic;
				INFOPLIST_FILE = NasaImages/Info.plist;
				LD_RUNPATH_SEARCH_PATHS = (
					"$(inherited)",
					"@executable_path/Frameworks",
				);
				PRODUCT_BUNDLE_IDENTIFIER = com.ryam.NasaImages;
				PRODUCT_NAME = "$(TARGET_NAME)";
				SWIFT_VERSION = 4.2;
				TARGETED_DEVICE_FAMILY = "1,2";
			};
			name = Debug;
		};
		0A8B13FE21C9F1EB002FDA8D /* Release */ = {
			isa = XCBuildConfiguration;
			baseConfigurationReference = C9B4CC77A7A3A91C61ECC230 /* Pods-NasaImages.release.xcconfig */;
			buildSettings = {
				ASSETCATALOG_COMPILER_APPICON_NAME = AppIcon;
				CODE_SIGN_STYLE = Automatic;
				INFOPLIST_FILE = NasaImages/Info.plist;
				LD_RUNPATH_SEARCH_PATHS = (
					"$(inherited)",
					"@executable_path/Frameworks",
				);
				PRODUCT_BUNDLE_IDENTIFIER = com.ryam.NasaImages;
				PRODUCT_NAME = "$(TARGET_NAME)";
				SWIFT_VERSION = 4.2;
				TARGETED_DEVICE_FAMILY = "1,2";
			};
			name = Release;
		};
		0A8B140021C9F1EB002FDA8D /* Debug */ = {
			isa = XCBuildConfiguration;
			buildSettings = {
				ALWAYS_EMBED_SWIFT_STANDARD_LIBRARIES = YES;
				BUNDLE_LOADER = "$(TEST_HOST)";
				CODE_SIGN_STYLE = Automatic;
				INFOPLIST_FILE = NasaImagesTests/Info.plist;
				LD_RUNPATH_SEARCH_PATHS = (
					"$(inherited)",
					"@executable_path/Frameworks",
					"@loader_path/Frameworks",
				);
				PRODUCT_BUNDLE_IDENTIFIER = com.ryam.NasaImagesTests;
				PRODUCT_NAME = "$(TARGET_NAME)";
				SWIFT_VERSION = 4.2;
				TARGETED_DEVICE_FAMILY = "1,2";
				TEST_HOST = "$(BUILT_PRODUCTS_DIR)/NasaImages.app/NasaImages";
			};
			name = Debug;
		};
		0A8B140121C9F1EB002FDA8D /* Release */ = {
			isa = XCBuildConfiguration;
			buildSettings = {
				ALWAYS_EMBED_SWIFT_STANDARD_LIBRARIES = YES;
				BUNDLE_LOADER = "$(TEST_HOST)";
				CODE_SIGN_STYLE = Automatic;
				INFOPLIST_FILE = NasaImagesTests/Info.plist;
				LD_RUNPATH_SEARCH_PATHS = (
					"$(inherited)",
					"@executable_path/Frameworks",
					"@loader_path/Frameworks",
				);
				PRODUCT_BUNDLE_IDENTIFIER = com.ryam.NasaImagesTests;
				PRODUCT_NAME = "$(TARGET_NAME)";
				SWIFT_VERSION = 4.2;
				TARGETED_DEVICE_FAMILY = "1,2";
				TEST_HOST = "$(BUILT_PRODUCTS_DIR)/NasaImages.app/NasaImages";
			};
			name = Release;
		};
		0A8B140321C9F1EB002FDA8D /* Debug */ = {
			isa = XCBuildConfiguration;
			buildSettings = {
				ALWAYS_EMBED_SWIFT_STANDARD_LIBRARIES = YES;
				CODE_SIGN_STYLE = Automatic;
				INFOPLIST_FILE = NasaImagesUITests/Info.plist;
				LD_RUNPATH_SEARCH_PATHS = (
					"$(inherited)",
					"@executable_path/Frameworks",
					"@loader_path/Frameworks",
				);
				PRODUCT_BUNDLE_IDENTIFIER = com.ryam.NasaImagesUITests;
				PRODUCT_NAME = "$(TARGET_NAME)";
				SWIFT_VERSION = 4.2;
				TARGETED_DEVICE_FAMILY = "1,2";
				TEST_TARGET_NAME = NasaImages;
			};
			name = Debug;
		};
		0A8B140421C9F1EB002FDA8D /* Release */ = {
			isa = XCBuildConfiguration;
			buildSettings = {
				ALWAYS_EMBED_SWIFT_STANDARD_LIBRARIES = YES;
				CODE_SIGN_STYLE = Automatic;
				INFOPLIST_FILE = NasaImagesUITests/Info.plist;
				LD_RUNPATH_SEARCH_PATHS = (
					"$(inherited)",
					"@executable_path/Frameworks",
					"@loader_path/Frameworks",
				);
				PRODUCT_BUNDLE_IDENTIFIER = com.ryam.NasaImagesUITests;
				PRODUCT_NAME = "$(TARGET_NAME)";
				SWIFT_VERSION = 4.2;
				TARGETED_DEVICE_FAMILY = "1,2";
				TEST_TARGET_NAME = NasaImages;
			};
			name = Release;
		};
/* End XCBuildConfiguration section */

/* Begin XCConfigurationList section */
		0A8B13CF21C9F1E8002FDA8D /* Build configuration list for PBXProject "NasaImages" */ = {
			isa = XCConfigurationList;
			buildConfigurations = (
				0A8B13FA21C9F1EB002FDA8D /* Debug */,
				0A8B13FB21C9F1EB002FDA8D /* Release */,
			);
			defaultConfigurationIsVisible = 0;
			defaultConfigurationName = Release;
		};
		0A8B13FC21C9F1EB002FDA8D /* Build configuration list for PBXNativeTarget "NasaImages" */ = {
			isa = XCConfigurationList;
			buildConfigurations = (
				0A8B13FD21C9F1EB002FDA8D /* Debug */,
				0A8B13FE21C9F1EB002FDA8D /* Release */,
			);
			defaultConfigurationIsVisible = 0;
			defaultConfigurationName = Release;
		};
		0A8B13FF21C9F1EB002FDA8D /* Build configuration list for PBXNativeTarget "NasaImagesTests" */ = {
			isa = XCConfigurationList;
			buildConfigurations = (
				0A8B140021C9F1EB002FDA8D /* Debug */,
				0A8B140121C9F1EB002FDA8D /* Release */,
			);
			defaultConfigurationIsVisible = 0;
			defaultConfigurationName = Release;
		};
		0A8B140221C9F1EB002FDA8D /* Build configuration list for PBXNativeTarget "NasaImagesUITests" */ = {
			isa = XCConfigurationList;
			buildConfigurations = (
				0A8B140321C9F1EB002FDA8D /* Debug */,
				0A8B140421C9F1EB002FDA8D /* Release */,
			);
			defaultConfigurationIsVisible = 0;
			defaultConfigurationName = Release;
		};
/* End XCConfigurationList section */
	};
	rootObject = 0A8B13CC21C9F1E8002FDA8D /* Project object */;
}
